{
  "name": "smart-employee-management-system",
  "version": "2.5.0",
  "lockfileVersion": 3,
  "requires": true,
  "packages": {
    "": {
      "name": "smart-employee-management-system",
      "version": "2.5.0",
      "dependencies": {
        "bootstrap": "^5.3.3",
        "bootstrap-icons": "^1.11.3",
        "chart.js": "^4.4.3"
      }
    },
    "node_modules/@kurkle/color": {
      "version": "0.3.2",
      "resolved": "https://registry.npmjs.org/@kurkle/color/-/color-0.3.2.tgz",
      "integrity": "sha512-gptWBWqqUTl9PRfwauxgu3VQKGQqi8BI158x/Llr83agJ1u8ZYc8cQKWYP52WApDqg29/T7PecvJn+14d1nTMA=="
    },
    "node_modules/@popperjs/core": {
      "version": "2.11.8",
      "resolved": "https://registry.npmjs.org/@popperjs/core/-/core-2.11.8.tgz",
      "integrity": "sha512-P1st0aksCrn9sGZhp8GMYwBnQsbvAWsZwvff74PWhVbCX7vcUQCEKTIChJssbPVDSpCkhzus6Uz5R6TXalnDQg=="
    },
    "node_modules/bootstrap": {
      "version": "5.3.3",
      "resolved": "https://registry.npmjs.org/bootstrap/-/bootstrap-5.3.3.tgz",
      "integrity": "sha512-8HLCzzKcecMhmG0vKMA8OTm05nP/3fZKGvgA10aXPRoWzp2oTXA207sNk4227o3PLWLFwznPBaH2SS+BQ5fEBQ==",
      "peerDependencies": {
        "@popperjs/core": "^2.11.8"
      }
    },
    "node_modules/bootstrap-icons": {
      "version": "1.11.3",
      "resolved": "https://registry.npmjs.org/bootstrap-icons/-/bootstrap-icons-1.11.3.tgz",
      "integrity": "sha512-g3l00742f9bM9r3A89f3a9M8o2e98yM6bB0v5A=="
    },
    "node_modules/chart.js": {
      "version": "4.4.3",
      "resolved": "https://registry.npmjs.org/chart.js/-/chart.js-4.4.3.tgz",
      "integrity": "sha512-qK1gkbcgBm32Nq342O5YpW9mN8m878d65s33a5B08wYdY29f8f2d5eA19d7d3M8m="
    }
  }
}
