# This file is automatically generated by Poetry to pin exact dependency versions.
[[package]]
name = "asgiref"
version = "3.8.1"
description = "ASGI specs, helper code, and adapters"
optional = false
python-versions = ">=3.8"
files = []

[[package]]
name = "django"
version = "5.0.8"
description = "A high-level Python web framework that encourages rapid development and clean, pragmatic design."
optional = false
python-versions = ">=3.10"
files = []
dependencies = { asgiref = ">=3.7.0", sqlparse = ">=0.3.1", tzdata = "*" }

[[package]]
name = "numpy"
version = "1.26.4"
description = "Fundamental package for array computing in Python"
optional = false
python-versions = ">=3.9"
files = []

[[package]]
name = "pandas"
version = "2.2.2"
description = "Powerful data structures for data analysis, time series, and statistics"
optional = false
python-versions = ">=3.9"
files = []
dependencies = { numpy = ">=1.26.0", python-dateutil = ">=2.8.2", pytz = ">=2020.1" }

[[package]]
name = "pillow"
version = "10.4.0"
description = "Python Imaging Library (Fork)"
optional = false
python-versions = ">=3.8"
files = []

[[package]]
name = "pytest"
version = "8.3.2"
description = "pytest: simple powerful testing with Python"
optional = false
python-versions = ">=3.8"
files = []

[[package]]
name = "pytest-django"
version = "4.8.0"
description = "A Django plugin for pytest."
optional = false
python-versions = ">=3.8"
files = []
dependencies = { pytest = ">=7.0.0" }

[[package]]
name = "scikit-learn"
version = "1.5.1"
description = "A set of python modules for machine learning and data mining"
optional = false
python-versions = ">=3.9"
files = []
dependencies = { numpy = ">=1.19.5", scipy = ">=1.6.0", joblib = ">=1.2.0", threadpoolctl = ">=3.1.0" }

[[package]]
name = "sqlparse"
version = "0.5.1"
description = "A non-validating SQL parser."
optional = false
python-versions = ">=3.8"
files = []

[metadata]
lock-version = "2.0"
python-versions = "^3.12"
content-hash = "c7d8f3b145a27890bc1f4a5e62f0a129d89c5643a7b9e01f54318c4e51928374"
